// !$*UTF8*$!
{
	archiveVersion = 1;
	classes = {
	};
	objectVersion = 46;
	objects = {

/* Begin PBXBuildFile section */
		DC522E4F1D174D98001E8C9A /* AppDelegate.swift in Sources */ = {isa = PBXBuildFile; fileRef = DC522E4E1D174D98001E8C9A /* AppDelegate.swift */; };
		DC522E511D174D98001E8C9A /* ViewController.swift in Sources */ = {isa = PBXBuildFile; fileRef = DC522E501D174D98001E8C9A /* ViewController.swift */; };
		DC522E541D174D98001E8C9A /* Main.storyboard in Resources */ = {isa = PBXBuildFile; fileRef = DC522E521D174D98001E8C9A /* Main.storyboard */; };
		DC522E561D174D98001E8C9A /* Assets.xcassets in Resources */ = {isa = PBXBuildFile; fileRef = DC522E551D174D98001E8C9A /* Assets.xcassets */; };
		DC522E591D174D98001E8C9A /* LaunchScreen.storyboard in Resources */ = {isa = PBXBuildFile; fileRef = DC522E571D174D98001E8C9A /* LaunchScreen.storyboard */; };
		DCD577541D19320200B91E4F /* README.md in Sources */ = {isa = PBXBuildFile; fileRef = DCD577531D19320200B91E4F /* README.md */; };
/* End PBXBuildFile section */

/* Begin PBXFileReference section */
		DC522E4B1D174D98001E8C9A /* BlurDemo.app */ = {isa = PBXFileReference; explicitFileType = wrapper.application; includeInIndex = 0; path = BlurDemo.app; sourceTree = BUILT_PRODUCTS_DIR; };
		DC522E4E1D174D98001E8C9A /* AppDelegate.swift */ = {isa = PBXFileReference; lastKnownFileType = sourcecode.swift; path = AppDelegate.swift; sourceTree = "<group>"; };
		DC522E501D174D98001E8C9A /* ViewController.swift */ = {isa = PBXFileReference; lastKnownFileType = sourcecode.swift; path = ViewController.swift; sourceTree = "<group>"; };
		DC522E531D174D98001E8C9A /* Base */ = {isa = PBXFileReference; lastKnownFileType = file.storyboard; name = Base; path = Base.lproj/Main.storyboard; sourceTree = "<group>"; };
		DC522E551D174D98001E8C9A /* Assets.xcassets */ = {isa = PBXFileReference; lastKnownFileType = folder.assetcatalog; path = Assets.xcassets; sourceTree = "<group>"; };
		DC522E581D174D98001E8C9A /* Base */ = {isa = PBXFileReference; lastKnownFileType = file.storyboard; name = Base; path = Base.lproj/LaunchScreen.storyboard; sourceTree = "<group>"; };
		DC522E5A1D174D98001E8C9A /* Info.plist */ = {isa = PBXFileReference; lastKnownFileType = text.plist.xml; path = Info.plist; sourceTree = "<group>"; };
		DCD577531D19320200B91E4F /* README.md */ = {isa = PBXFileReference; fileEncoding = 4; lastKnownFileType = net.daringfireball.markdown; path = README.md; sourceTree = SOURCE_ROOT; };
/* End PBXFileReference section */

/* Begin PBXFrameworksBuildPhase section */
		DC522E481D174D98001E8C9A /* Frameworks */ = {
			isa = PBXFrameworksBuildPhase;
			buildActionMask = 2147483647;
			files = (
			);
			runOnlyForDeploymentPostprocessing = 0;
		};
/* End PBXFrameworksBuildPhase section */

/* Begin PBXGroup section */
		DC522E421D174D98001E8C9A = {
			isa = PBXGroup;
			children = (
				DC522E4D1D174D98001E8C9A /* BlurDemo */,
				DC522E4C1D174D98001E8C9A /* Products */,
			);
			sourceTree = "<group>";
		};
		DC522E4C1D174D98001E8C9A /* Products */ = {
			isa = PBXGroup;
			children = (
				DC522E4B1D174D98001E8C9A /* BlurDemo.app */,
			);
			name = Products;
			sourceTree = "<group>";
		};
		DC522E4D1D174D98001E8C9A /* BlurDemo */ = {
			isa = PBXGroup;
			children = (
				DCD577531D19320200B91E4F /* README.md */,
				DC522E4E1D174D98001E8C9A /* AppDelegate.swift */,
				DC522E501D174D98001E8C9A /* ViewController.swift */,
				DC522E521D174D98001E8C9A /* Main.storyboard */,
				DC522E551D174D98001E8C9A /* Assets.xcassets */,
				DC522E571D174D98001E8C9A /* LaunchScreen.storyboard */,
				DC522E5A1D174D98001E8C9A /* Info.plist */,
			);
			path = BlurDemo;
			sourceTree = "<group>";
		};
/* End PBXGroup section */

/* Begin PBXNativeTarget section */
		DC522E4A1D174D98001E8C9A /* BlurDemo */ = {
			isa = PBXNativeTarget;
			buildConfigurationList = DC522E5D1D174D98001E8C9A /* Build configuration list for PBXNativeTarget "BlurDemo" */;
			buildPhases = (
				DC522E471D174D98001E8C9A /* Sources */,
				DC522E481D174D98001E8C9A /* Frameworks */,
				DC522E491D174D98001E8C9A /* Resources */,
			);
			buildRules = (
			);
			dependencies = (
			);
			name = BlurDemo;
			productName = BlurDemo;
			productReference = DC522E4B1D174D98001E8C9A /* BlurDemo.app */;
			productType = "com.apple.product-type.application";
		};
/* End PBXNativeTarget section */

/* Begin PBXProject section */
		DC522E431D174D98001E8C9A /* Project object */ = {
			isa = PBXProject;
			attributes = {
				LastSwiftUpdateCheck = 0800;
				LastUpgradeCheck = 0800;
				ORGANIZATIONNAME = "Filip Radelic";
				TargetAttributes = {
					DC522E4A1D174D98001E8C9A = {
						CreatedOnToolsVersion = 8.0;
						DevelopmentTeam = 8GAWCQR8CZ;
						DevelopmentTeamName = "Filip Radelic";
						ProvisioningStyle = Automatic;
					};
				};
			};
			buildConfigurationList = DC522E461D174D98001E8C9A /* Build configuration list for PBXProject "BlurDemo" */;
			compatibilityVersion = "Xcode 3.2";
			developmentRegion = English;
			hasScannedForEncodings = 0;
			knownRegions = (
				en,
				Base,
			);
			mainGroup = DC522E421D174D98001E8C9A;
			productRefGroup = DC522E4C1D174D98001E8C9A /* Products */;
			projectDirPath = "";
			projectRoot = "";
			targets = (
				DC522E4A1D174D98001E8C9A /* BlurDemo */,
			);
		};
/* End PBXProject section */

/* Begin PBXResourcesBuildPhase section */
		DC522E491D174D98001E8C9A /* Resources */ = {
			isa = PBXResourcesBuildPhase;
			buildActionMask = 2147483647;
			files = (
				DC522E591D174D98001E8C9A /* LaunchScreen.storyboard in Resources */,
				DC522E561D174D98001E8C9A /* Assets.xcassets in Resources */,
				DC522E541D174D98001E8C9A /* Main.storyboard in Resources */,
			);
			runOnlyForDeploymentPostprocessing = 0;
		};
/* End PBXResourcesBuildPhase section */

/* Begin PBXSourcesBuildPhase section */
		DC522E471D174D98001E8C9A /* Sources */ = {
			isa = PBXSourcesBuildPhase;
			buildActionMask = 2147483647;
			files = (
				DCD577541D19320200B91E4F /* README.md in Sources */,
				DC522E511D174D98001E8C9A /* ViewController.swift in Sources */,
				DC522E4F1D174D98001E8C9A /* AppDelegate.swift in Sources */,
			);
			runOnlyForDeploymentPostprocessing = 0;
		};
/* End PBXSourcesBuildPhase section */

/* Begin PBXVariantGroup section */
		DC522E521D174D98001E8C9A /* Main.storyboard */ = {
			isa = PBXVariantGroup;
			children = (
				DC522E531D174D98001E8C9A /* Base */,
			);
			name = Main.storyboard;
			sourceTree = "<group>";
		};
		DC522E571D174D98001E8C9A /* LaunchScreen.storyboard */ = {
			isa = PBXVariantGroup;
			children = (
				DC522E581D174D98001E8C9A /* Base */,
			);
			name = LaunchScreen.storyboard;
			sourceTree = "<group>";
		};
/* End PBXVariantGroup section */

/* Begin XCBuildConfiguration section */
		DC522E5B1D174D98001E8C9A /* Debug */ = {
			isa = XCBuildConfiguration;
			buildSettings = {
				ALWAYS_SEARCH_USER_PATHS = NO;
				CLANG_ANALYZER_NONNULL = YES;
				CLANG_CXX_LANGUAGE_STANDARD = "gnu++0x";
				CLANG_CXX_LIBRARY = "libc++";
				CLANG_ENABLE_MODULES = YES;
				CLANG_ENABLE_OBJC_ARC = YES;
				CLANG_WARN_BOOL_CONVERSION = YES;
				CLANG_WARN_CONSTANT_CONVERSION = YES;
				CLANG_WARN_DIRECT_OBJC_ISA_USAGE = YES_ERROR;
				CLANG_WARN_DOCUMENTATION_COMMENTS = YES;
				CLANG_WARN_EMPTY_BODY = YES;
				CLANG_WARN_ENUM_CONVERSION = YES;
				CLANG_WARN_INT_CONVERSION = YES;
				CLANG_WARN_OBJC_ROOT_CLASS = YES_ERROR;
				CLANG_WARN_UNREACHABLE_CODE = YES;
				CLANG_WARN__DUPLICATE_METHOD_MATCH = YES;
				"CODE_SIGN_IDENTITY[sdk=iphoneos*]" = "iPhone Developer";
				COPY_PHASE_STRIP = NO;
				DEBUG_INFORMATION_FORMAT = dwarf;
				ENABLE_STRICT_OBJC_MSGSEND = YES;
				ENABLE_TESTABILITY = YES;
				GCC_C_LANGUAGE_STANDARD = gnu99;
				GCC_DYNAMIC_NO_PIC = NO;
				GCC_NO_COMMON_BLOCKS = YES;
				GCC_OPTIMIZATION_LEVEL = 0;
				GCC_PREPROCESSOR_DEFINITIONS = (
					"DEBUG=1",
					"$(inherited)",
				);
				GCC_WARN_64_TO_32_BIT_CONVERSION = YES;
				GCC_WARN_ABOUT_RETURN_TYPE = YES_ERROR;
				GCC_WARN_UNDECLARED_SELECTOR = YES;
				GCC_WARN_UNINITIALIZED_AUTOS = YES_AGGRESSIVE;
				GCC_WARN_UNUSED_FUNCTION = YES;
				GCC_WARN_UNUSED_VARIABLE = YES;
				IPHONEOS_DEPLOYMENT_TARGET = 10.0;
				MTL_ENABLE_DEBUG_INFO = YES;
				ONLY_ACTIVE_ARCH = YES;
				SDKROOT = iphoneos;
				SWIFT_ACTIVE_COMPILATION_CONDITIONS = DEBUG;
				SWIFT_OPTIMIZATION_LEVEL = "-Onone";
				TARGETED_DEVICE_FAMILY = "1,2";
			};
			name = Debug;
		};
		DC522E5C1D174D98001E8C9A /* Release */ = {
			isa = XCBuildConfiguration;
			buildSettings = {
				ALWAYS_SEARCH_USER_PATHS = NO;
				CLANG_ANALYZER_NONNULL = YES;
				CLANG_CXX_LANGUAGE_STANDARD = "gnu++0x";
				CLANG_CXX_LIBRARY = "libc++";
				CLANG_ENABLE_MODULES = YES;
				CLANG_ENABLE_OBJC_ARC = YES;
				CLANG_WARN_BOOL_CONVERSION = YES;
				CLANG_WARN_CONSTANT_CONVERSION = YES;
				CLANG_WARN_DIRECT_OBJC_ISA_USAGE = YES_ERROR;
				CLANG_WARN_DOCUMENTATION_COMMENTS = YES;
				CLANG_WARN_EMPTY_BODY = YES;
				CLANG_WARN_ENUM_CONVERSION = YES;
				CLANG_WARN_INT_CONVERSION = YES;
				CLANG_WARN_OBJC_ROOT_CLASS = YES_ERROR;
				CLANG_WARN_UNREACHABLE_CODE = YES;
				CLANG_WARN__DUPLICATE_METHOD_MATCH = YES;
				"CODE_SIGN_IDENTITY[sdk=iphoneos*]" = "iPhone Developer";
				COPY_PHASE_STRIP = NO;
				DEBUG_INFORMATION_FORMAT = "dwarf-with-dsym";
				ENABLE_NS_ASSERTIONS = NO;
				ENABLE_STRICT_OBJC_MSGSEND = YES;
				GCC_C_LANGUAGE_STANDARD = gnu99;
				GCC_NO_COMMON_BLOCKS = YES;
				GCC_WARN_64_TO_32_BIT_CONVERSION = YES;
				GCC_WARN_ABOUT_RETURN_TYPE = YES_ERROR;
				GCC_WARN_UNDECLARED_SELECTOR = YES;
				GCC_WARN_UNINITIALIZED_AUTOS = YES_AGGRESSIVE;
				GCC_WARN_UNUSED_FUNCTION = YES;
				GCC_WARN_UNUSED_VARIABLE = YES;
				IPHONEOS_DEPLOYMENT_TARGET = 10.0;
				MTL_ENABLE_DEBUG_INFO = NO;
				SDKROOT = iphoneos;
				SWIFT_OPTIMIZATION_LEVEL = "-Owholemodule";
				TARGETED_DEVICE_FAMILY = "1,2";
				VALIDATE_PRODUCT = YES;
			};
			name = Release;
		};
		DC522E5E1D174D98001E8C9A /* Debug */ = {
			isa = XCBuildConfiguration;
			buildSettings = {
				ASSETCATALOG_COMPILER_APPICON_NAME = AppIcon;
				INFOPLIST_FILE = BlurDemo/Info.plist;
				LD_RUNPATH_SEARCH_PATHS = "$(inherited) @executable_path/Frameworks";
				PRODUCT_BUNDLE_IDENTIFIER = com.fichek.BlurDemo;
				PRODUCT_NAME = "$(TARGET_NAME)";
				SWIFT_VERSION = 3.0;
			};
			name = Debug;
		};
		DC522E5F1D174D98001E8C9A /* Release */ = {
			isa = XCBuildConfiguration;
			buildSettings = {
				ASSETCATALOG_COMPILER_APPICON_NAME = AppIcon;
				INFOPLIST_FILE = BlurDemo/Info.plist;
				LD_RUNPATH_SEARCH_PATHS = "$(inherited) @executable_path/Frameworks";
				PRODUCT_BUNDLE_IDENTIFIER = com.fichek.BlurDemo;
				PRODUCT_NAME = "$(TARGET_NAME)";
				SWIFT_VERSION = 3.0;
			};
			name = Release;
		};
/* End XCBuildConfiguration section */

/* Begin XCConfigurationList section */
		DC522E461D174D98001E8C9A /* Build configuration list for PBXProject "BlurDemo" */ = {
			isa = XCConfigurationList;
			buildConfigurations = (
				DC522E5B1D174D98001E8C9A /* Debug */,
				DC522E5C1D174D98001E8C9A /* Release */,
			);
			defaultConfigurationIsVisible = 0;
			defaultConfigurationName = Release;
		};
		DC522E5D1D174D98001E8C9A /* Build configuration list for PBXNativeTarget "BlurDemo" */ = {
			isa = XCConfigurationList;
			buildConfigurations = (
				DC522E5E1D174D98001E8C9A /* Debug */,
				DC522E5F1D174D98001E8C9A /* Release */,
			);
			defaultConfigurationIsVisible = 0;
			defaultConfigurationName = Release;
		};
/* End XCConfigurationList section */
	};
	rootObject = DC522E431D174D98001E8C9A /* Project object */;
}
